<?xml version="1.0" encoding="utf-8"?>
<Project ToolsVersion="4.0" xmlns="http://schemas.microsoft.com/developer/msbuild/2003">
  <ItemGroup>
    <Filter Include="Source Files">
      <UniqueIdentifier>{4FC737F1-C7A5-4376-A066-2A32D752A2FF}</UniqueIdentifier>
      <Extensions>cpp;c;cc;cxx;c++;cppm;ixx;def;odl;idl;hpj;bat;asm;asmx</Extensions>
    </Filter>
    <Filter Include="Header Files">
      <UniqueIdentifier>{93995380-89BD-4b04-88EB-625FBE52EBFB}</UniqueIdentifier>
      <Extensions>h;hh;hpp;hxx;h++;hm;inl;inc;ipp;xsd</Extensions>
    </Filter>
    <Filter Include="Resource Files">
      <UniqueIdentifier>{67DA6AB6-F800-4c08-8B7A-83BB121AAD01}</UniqueIdentifier>
      <Extensions>rc;ico;cur;bmp;dlg;rc2;rct;bin;rgs;gif;jpg;jpeg;jpe;resx;tiff;tif;png;wav;mfcribbon-ms</Extensions>
    </Filter>
    <Filter Include="Source Files\engine">
      <UniqueIdentifier>{da0733cf-b89d-4c96-90bf-b868a37c8bb8}</UniqueIdentifier>
    </Filter>
    <Filter Include="Source Files\engine\resources">
      <UniqueIdentifier>{243d89a0-ae2b-4496-b9ab-6f7aef2ef9ae}</UniqueIdentifier>
    </Filter>
    <Filter Include="Header Files\engine">
      <UniqueIdentifier>{14d40ee2-b022-4ae5-a3b4-5782febdfe84}</UniqueIdentifier>
    </Filter>
    <Filter Include="Header Files\engine\resources">
      <UniqueIdentifier>{82bb86c6-eb62-4832-8d44-009bcaf4872f}</UniqueIdentifier>
    </Filter>
    <Filter Include="Source Files\engine\window">
      <UniqueIdentifier>{a54cd607-d021-4333-a2f1-ebd14f759dc0}</UniqueIdentifier>
    </Filter>
    <Filter Include="Header Files\engine\Utils">
      <UniqueIdentifier>{69765d96-94c4-4868-ace2-65d07cc8fd1d}</UniqueIdentifier>
    </Filter>
    <Filter Include="Source Files\engine\Utils">
      <UniqueIdentifier>{0a13637b-fba3-4cd7-b6e9-e0b328204c93}</UniqueIdentifier>
    </Filter>
    <Filter Include="Source Files\game">
      <UniqueIdentifier>{18970f7a-69bd-45a1-8fff-43785fd07737}</UniqueIdentifier>
    </Filter>
    <Filter Include="Header Files\Game">
      <UniqueIdentifier>{efa2a56b-b36f-433e-a44a-28961ec28654}</UniqueIdentifier>
    </Filter>
    <Filter Include="Source Files\game\Sliding A Sphere">
      <UniqueIdentifier>{15570765-6a6f-4e30-be88-4a6d800a2b6c}</UniqueIdentifier>
    </Filter>
    <Filter Include="Header Files\Game\SlidingASphere">
      <UniqueIdentifier>{23901daa-da4a-49ce-8240-823076f6b439}</UniqueIdentifier>
    </Filter>
  </ItemGroup>
  <ItemGroup>
    <ClCompile Include="Main.cpp">
      <Filter>Source Files</Filter>
    </ClCompile>
    <ClCompile Include="Engine.cpp">
      <Filter>Source Files\engine</Filter>
    </ClCompile>
    <ClCompile Include="Time.cpp">
      <Filter>Source Files\engine\Utils</Filter>
    </ClCompile>
    <ClCompile Include="Game.cpp">
      <Filter>Source Files\game</Filter>
    </ClCompile>
    <ClCompile Include="SlidingSphereGame.cpp">
      <Filter>Source Files\game\Sliding A Sphere</Filter>
    </ClCompile>
    <ClCompile Include="SlidingSphere.cpp">
      <Filter>Source Files\game\Sliding A Sphere</Filter>
    </ClCompile>
  </ItemGroup>
  <ItemGroup>
    <ClInclude Include="ResourcesManager.h">
      <Filter>Header Files\engine\resources</Filter>
    </ClInclude>
    <ClInclude Include="Engine.h">
      <Filter>Header Files\engine</Filter>
    </ClInclude>
    <ClInclude Include="GraphicSystem.hpp">
      <Filter>Source Files\engine\window</Filter>
    </ClInclude>
    <ClInclude Include="Time.h">
      <Filter>Header Files\engine\Utils</Filter>
    </ClInclude>
    <ClInclude Include="Game.h">
      <Filter>Header Files\Game</Filter>
    </ClInclude>
    <ClInclude Include="SlidingSphereGame.h">
      <Filter>Header Files\Game\SlidingASphere</Filter>
    </ClInclude>
    <ClInclude Include="SlidingSphere.h">
      <Filter>Header Files\Game\SlidingASphere</Filter>
    </ClInclude>
  </ItemGroup>
</Project>