<?xml version="1.0" encoding="utf-8"?>
<Project ToolsVersion="4.0" xmlns="http://schemas.microsoft.com/developer/msbuild/2003">
  <ItemGroup>
    <Filter Include="Source Files">
      <UniqueIdentifier>{4FC737F1-C7A5-4376-A066-2A32D752A2FF}</UniqueIdentifier>
      <Extensions>cpp;c;cc;cxx;c++;cppm;ixx;def;odl;idl;hpj;bat;asm;asmx</Extensions>
    </Filter>
    <Filter Include="Header Files">
      <UniqueIdentifier>{93995380-89BD-4b04-88EB-625FBE52EBFB}</UniqueIdentifier>
      <Extensions>h;hh;hpp;hxx;h++;hm;inl;inc;ipp;xsd</Extensions>
    </Filter>
    <Filter Include="Resource Files">
      <UniqueIdentifier>{67DA6AB6-F800-4c08-8B7A-83BB121AAD01}</UniqueIdentifier>
      <Extensions>rc;ico;cur;bmp;dlg;rc2;rct;bin;rgs;gif;jpg;jpeg;jpe;resx;tiff;tif;png;wav;mfcribbon-ms</Extensions>
    </Filter>
    <Filter Include="Source Files\engine">
      <UniqueIdentifier>{da0733cf-b89d-4c96-90bf-b868a37c8bb8}</UniqueIdentifier>
    </Filter>
    <Filter Include="Header Files\engine">
      <UniqueIdentifier>{14d40ee2-b022-4ae5-a3b4-5782febdfe84}</UniqueIdentifier>
    </Filter>
    <Filter Include="Header Files\engine\resources">
      <UniqueIdentifier>{82bb86c6-eb62-4832-8d44-009bcaf4872f}</UniqueIdentifier>
    </Filter>
    <Filter Include="Header Files\engine\Utils">
      <UniqueIdentifier>{69765d96-94c4-4868-ace2-65d07cc8fd1d}</UniqueIdentifier>
    </Filter>
    <Filter Include="Source Files\engine\Utils">
      <UniqueIdentifier>{0a13637b-fba3-4cd7-b6e9-e0b328204c93}</UniqueIdentifier>
    </Filter>
    <Filter Include="Source Files\game">
      <UniqueIdentifier>{18970f7a-69bd-45a1-8fff-43785fd07737}</UniqueIdentifier>
    </Filter>
    <Filter Include="Header Files\Game">
      <UniqueIdentifier>{efa2a56b-b36f-433e-a44a-28961ec28654}</UniqueIdentifier>
    </Filter>
    <Filter Include="Source Files\game\Sliding A Sphere">
      <UniqueIdentifier>{15570765-6a6f-4e30-be88-4a6d800a2b6c}</UniqueIdentifier>
    </Filter>
    <Filter Include="Header Files\Game\SlidingASphere">
      <UniqueIdentifier>{23901daa-da4a-49ce-8240-823076f6b439}</UniqueIdentifier>
    </Filter>
    <Filter Include="Header Files\engine\graphics">
      <UniqueIdentifier>{3fc23160-85a8-4d05-93e2-d942f79c5e26}</UniqueIdentifier>
    </Filter>
    <Filter Include="Header Files\engine\system">
      <UniqueIdentifier>{d99da77c-65ad-4644-b439-923ed7396a21}</UniqueIdentifier>
    </Filter>
    <Filter Include="Source Files\engine\graphics">
      <UniqueIdentifier>{a54cd607-d021-4333-a2f1-ebd14f759dc0}</UniqueIdentifier>
    </Filter>
    <Filter Include="Source Files\engine\system">
      <UniqueIdentifier>{a90e0191-bc99-4d94-859c-015e8f86b767}</UniqueIdentifier>
    </Filter>
    <Filter Include="Source Files\engine\ogreSys">
      <UniqueIdentifier>{a91df95d-bcad-4909-814d-fbf4740c44c1}</UniqueIdentifier>
    </Filter>
    <Filter Include="Header Files\engine\ogreSys">
      <UniqueIdentifier>{445c3210-9427-4376-84de-3b6c20921caa}</UniqueIdentifier>
    </Filter>
    <Filter Include="Header Files\engine\system\Entity">
      <UniqueIdentifier>{d5e00fcf-5ebb-4e21-b534-aae0245f4b60}</UniqueIdentifier>
    </Filter>
    <Filter Include="Header Files\engine\system\Components">
      <UniqueIdentifier>{1bbf70a4-e0a4-4426-8ddb-8c587ef2f80a}</UniqueIdentifier>
    </Filter>
    <Filter Include="Source Files\engine\system\Entity">
      <UniqueIdentifier>{36fcf152-fe4b-48f7-9ada-ca02be4a7232}</UniqueIdentifier>
    </Filter>
    <Filter Include="Source Files\engine\system\Components">
      <UniqueIdentifier>{bee0b2dd-302d-4d32-851e-037dda792cd8}</UniqueIdentifier>
    </Filter>
    <Filter Include="Header Files\engine\system\Physics">
      <UniqueIdentifier>{7af82e1b-0e94-4b51-b8eb-9f11c45dfb4e}</UniqueIdentifier>
    </Filter>
  </ItemGroup>
  <ItemGroup>
    <ClCompile Include="code\engine\Time.cpp">
      <Filter>Source Files\engine\Utils</Filter>
    </ClCompile>
    <ClCompile Include="code\engine\Engine.cpp">
      <Filter>Source Files\engine</Filter>
    </ClCompile>
    <ClCompile Include="code\game\Game.cpp">
      <Filter>Source Files\game</Filter>
    </ClCompile>
    <ClCompile Include="code\game\SlidingSphere.cpp">
      <Filter>Source Files\game\Sliding A Sphere</Filter>
    </ClCompile>
    <ClCompile Include="code\game\SlidingSphereGame.cpp">
      <Filter>Source Files\game\Sliding A Sphere</Filter>
    </ClCompile>
    <ClCompile Include="code\engine\BaseSystem.cpp">
      <Filter>Source Files\engine\system</Filter>
    </ClCompile>
    <ClCompile Include="code\engine\GameObjectManager.cpp">
      <Filter>Source Files\engine\system</Filter>
    </ClCompile>
    <ClCompile Include="code\engine\LogicSystem.cpp">
      <Filter>Source Files\engine\system</Filter>
    </ClCompile>
    <ClCompile Include="code\engine\StaticPluginLoader.cpp">
      <Filter>Source Files\engine\ogreSys</Filter>
    </ClCompile>
    <ClCompile Include="code\engine\GraphicSystem.cpp">
      <Filter>Source Files\engine\graphics</Filter>
    </ClCompile>
    <ClCompile Include="code\engine\SdlInputHandler.cpp">
      <Filter>Source Files\engine\ogreSys</Filter>
    </ClCompile>
    <ClCompile Include="code\engine\MessageQueueSysten,cpp.cpp">
      <Filter>Source Files\engine\system</Filter>
    </ClCompile>
    <ClCompile Include="code\engine\CompBoxCollider.cpp">
      <Filter>Source Files\engine\system\Components</Filter>
    </ClCompile>
    <ClCompile Include="code\engine\CompCollider.cpp">
      <Filter>Source Files\engine\system\Components</Filter>
    </ClCompile>
    <ClCompile Include="code\engine\CompSphereCollider.cpp">
      <Filter>Source Files\engine\system\Components</Filter>
    </ClCompile>
    <ClCompile Include="code\engine\GameEntity.cpp">
      <Filter>Source Files\engine\system\Entity</Filter>
    </ClCompile>
    <ClCompile Include="code\Main.cpp">
      <Filter>Source Files</Filter>
    </ClCompile>
  </ItemGroup>
  <ItemGroup>
    <ClInclude Include="code\engine\ResourcesManager.h">
      <Filter>Header Files\engine\resources</Filter>
    </ClInclude>
    <ClInclude Include="code\engine\Time.h">
      <Filter>Header Files\engine\Utils</Filter>
    </ClInclude>
    <ClInclude Include="code\engine\Engine.h">
      <Filter>Header Files\engine</Filter>
    </ClInclude>
    <ClInclude Include="code\game\Game.h">
      <Filter>Header Files\Game</Filter>
    </ClInclude>
    <ClInclude Include="code\engine\InputData.hpp">
      <Filter>Source Files\engine\Utils</Filter>
    </ClInclude>
    <ClInclude Include="code\game\SlidingSphere.h">
      <Filter>Header Files\Game\SlidingASphere</Filter>
    </ClInclude>
    <ClInclude Include="code\game\SlidingSphereGame.h">
      <Filter>Header Files\Game\SlidingASphere</Filter>
    </ClInclude>
    <ClInclude Include="code\engine\GraphicSystem.h">
      <Filter>Header Files\engine\graphics</Filter>
    </ClInclude>
    <ClInclude Include="code\engine\BaseSystem.h">
      <Filter>Header Files\engine\system</Filter>
    </ClInclude>
    <ClInclude Include="code\engine\GameObject.h">
      <Filter>Header Files\engine\system</Filter>
    </ClInclude>
    <ClInclude Include="code\engine\GameObjectManager.h">
      <Filter>Header Files\engine\system</Filter>
    </ClInclude>
    <ClInclude Include="code\engine\InputListeners.h">
      <Filter>Header Files\engine\system</Filter>
    </ClInclude>
    <ClInclude Include="code\engine\LogicSystem.h">
      <Filter>Header Files\engine\system</Filter>
    </ClInclude>
    <ClInclude Include="code\engine\MessageQueueSystem.h">
      <Filter>Header Files\engine\system</Filter>
    </ClInclude>
    <ClInclude Include="code\engine\StaticPluginLoader.h">
      <Filter>Header Files\engine\ogreSys</Filter>
    </ClInclude>
    <ClInclude Include="code\engine\SdlEmulationLayer.h">
      <Filter>Header Files\engine\ogreSys</Filter>
    </ClInclude>
    <ClInclude Include="GameState.h">
      <Filter>Header Files\engine\system</Filter>
    </ClInclude>
    <ClInclude Include="code\engine\SdlInputHandler.h">
      <Filter>Header Files\engine\ogreSys</Filter>
    </ClInclude>
    <ClInclude Include="code\engine\CompBoxCollider.h">
      <Filter>Header Files\engine\system\Components</Filter>
    </ClInclude>
    <ClInclude Include="code\engine\CompCollider.h">
      <Filter>Header Files\engine\system\Components</Filter>
    </ClInclude>
    <ClInclude Include="code\engine\CompMeshLoader.h">
      <Filter>Header Files\engine\system\Components</Filter>
    </ClInclude>
    <ClInclude Include="code\engine\Component.h">
      <Filter>Header Files\engine\system\Components</Filter>
    </ClInclude>
    <ClInclude Include="code\engine\CompSphereCollider.h">
      <Filter>Header Files\engine\system\Components</Filter>
    </ClInclude>
    <ClInclude Include="code\engine\CompTransform.h">
      <Filter>Header Files\engine\system\Components</Filter>
    </ClInclude>
    <ClInclude Include="code\engine\GameEntity.h">
      <Filter>Header Files\engine\system\Entity</Filter>
    </ClInclude>
    <ClInclude Include="code\engine\Boundary.h">
      <Filter>Header Files\engine\Utils</Filter>
    </ClInclude>
    <ClInclude Include="code\engine\CollisionUtils.h">
      <Filter>Header Files\engine\Utils</Filter>
    </ClInclude>
    <ClInclude Include="code\engine\CompLight.h">
      <Filter>Header Files\engine\system\Components</Filter>
    </ClInclude>
  </ItemGroup>
  <ItemGroup>
    <Text Include="PhysicEngineTODO.txt">
      <Filter>Resource Files</Filter>
    </Text>
  </ItemGroup>
</Project>